PODS:
  - ExpoFpCommon (4.1.1)
  - ZIPFoundation (0.9.16)

DEPENDENCIES:
  - ExpoFpCommon (= 4.1.1)
  - ZIPFoundation (= 0.9.16)

SPEC REPOS:
  https://github.com/CocoaPods/Specs.git:
    - ExpoFpCommon
    - ZIPFoundation

SPEC CHECKSUMS:
  ExpoFpCommon: cf8ab77d5504c7b5897aeb6d66009f0a938b3b8d
  ZIPFoundation: d170fa8e270b2a32bef9dcdcabff5b8f1a5deced

PODFILE CHECKSUM: 3c4d323ad7d5324773f0968c154f7231d27173dd

COCOAPODS: 1.11.3
