PODS:
  - ExpoFpCommon (0.3.5)

DEPENDENCIES:
  - ExpoFpCommon (= 0.3.5)

SPEC REPOS:
  https://github.com/CocoaPods/Specs.git:
    - ExpoFpCommon

SPEC CHECKSUMS:
  ExpoFpCommon: 576847ec899531a24e37b771aa0ccc94205c9488

PODFILE CHECKSUM: b4bb8731d0db1870cc54d333c44e2cbeb792ffbd

COCOAPODS: 1.11.3
