PODS:
  - ExpoFpCommon (3.0.10)

DEPENDENCIES:
  - ExpoFpCommon (= 3.0.10)

SPEC REPOS:
  https://github.com/CocoaPods/Specs.git:
    - ExpoFpCommon

SPEC CHECKSUMS:
  ExpoFpCommon: cefa33ad816c8525078f7ff838e8901bf85705a7

PODFILE CHECKSUM: 9ee60e7df855e2cb2ef8e06e15c62c6bd3ccff8a

COCOAPODS: 1.11.3
