// !$*UTF8*$!
{
	archiveVersion = 1;
	classes = {
	};
	objectVersion = 56;
	objects = {

/* Begin PBXAggregateTarget section */
		E766643A286F33E7006C7E45 /* BuildTarget */ = {
			isa = PBXAggregateTarget;
			buildConfigurationList = E766643B286F33E7006C7E45 /* Build configuration list for PBXAggregateTarget "BuildTarget" */;
			buildPhases = (
				E7666467286F3477006C7E45 /* ShellScript */,
			);
			dependencies = (
			);
			name = BuildTarget;
			productName = BuildTarget;
		};
/* End PBXAggregateTarget section */

/* Begin PBXBuildFile section */
		19B610EFF9970692AB5D8449 /* Pods_ExpoFpFplan.framework in Frameworks */ = {isa = PBXBuildFile; fileRef = F95D4946B4619A9F6E25D246 /* Pods_ExpoFpFplan.framework */; };
		E7DED29729EDE3BD00272329 /* UIFplanViewFuncExtension.swift in Sources */ = {isa = PBXBuildFile; fileRef = E7DED29229EDE3BD00272329 /* UIFplanViewFuncExtension.swift */; };
		E7DED29829EDE3BD00272329 /* FplanViewFuncExtension.swift in Sources */ = {isa = PBXBuildFile; fileRef = E7DED29329EDE3BD00272329 /* FplanViewFuncExtension.swift */; };
		E7DED29929EDE3BD00272329 /* UIFplanViewLocationProviderExtension.swift in Sources */ = {isa = PBXBuildFile; fileRef = E7DED29429EDE3BD00272329 /* UIFplanViewLocationProviderExtension.swift */; };
		E7DED29A29EDE3BD00272329 /* UIFplanViewUIDelegateExtension.swift in Sources */ = {isa = PBXBuildFile; fileRef = E7DED29529EDE3BD00272329 /* UIFplanViewUIDelegateExtension.swift */; };
		E7DED29B29EDE3BD00272329 /* UIFplanViewNavigationExtension.swift in Sources */ = {isa = PBXBuildFile; fileRef = E7DED29629EDE3BD00272329 /* UIFplanViewNavigationExtension.swift */; };
		E7DED29D29EDE48700272329 /* FplanView.swift in Sources */ = {isa = PBXBuildFile; fileRef = E7DED29C29EDE48700272329 /* FplanView.swift */; };
		E7E3250229C2604500030986 /* Constants.swift in Sources */ = {isa = PBXBuildFile; fileRef = E7E324E629C2604500030986 /* Constants.swift */; };
		E7E3250329C2604500030986 /* DateError.swift in Sources */ = {isa = PBXBuildFile; fileRef = E7E324E729C2604500030986 /* DateError.swift */; };
		E7E3250429C2604500030986 /* Helper.swift in Sources */ = {isa = PBXBuildFile; fileRef = E7E324E829C2604500030986 /* Helper.swift */; };
		E7E3250529C2604500030986 /* NetworkReachability.swift in Sources */ = {isa = PBXBuildFile; fileRef = E7E324E929C2604500030986 /* NetworkReachability.swift */; };
		E7E3250629C2604500030986 /* Booth.swift in Sources */ = {isa = PBXBuildFile; fileRef = E7E324EB29C2604500030986 /* Booth.swift */; };
		E7E3250729C2604500030986 /* Details.swift in Sources */ = {isa = PBXBuildFile; fileRef = E7E324EC29C2604500030986 /* Details.swift */; };
		E7E3250829C2604500030986 /* FileInfo.swift in Sources */ = {isa = PBXBuildFile; fileRef = E7E324ED29C2604500030986 /* FileInfo.swift */; };
		E7E3250929C2604500030986 /* Point.swift in Sources */ = {isa = PBXBuildFile; fileRef = E7E324EE29C2604500030986 /* Point.swift */; };
		E7E3250A29C2604500030986 /* Line.swift in Sources */ = {isa = PBXBuildFile; fileRef = E7E324EF29C2604500030986 /* Line.swift */; };
		E7E3250B29C2604500030986 /* BlueDotPoint.swift in Sources */ = {isa = PBXBuildFile; fileRef = E7E324F029C2604500030986 /* BlueDotPoint.swift */; };
		E7E3250C29C2604500030986 /* Route.swift in Sources */ = {isa = PBXBuildFile; fileRef = E7E324F129C2604500030986 /* Route.swift */; };
		E7E3250D29C2604500030986 /* Configuration.swift in Sources */ = {isa = PBXBuildFile; fileRef = E7E324F229C2604500030986 /* Configuration.swift */; };
		E7E3250E29C2604500030986 /* Direction.swift in Sources */ = {isa = PBXBuildFile; fileRef = E7E324F329C2604500030986 /* Direction.swift */; };
		E7E3250F29C2604500030986 /* MessageHandler.swift in Sources */ = {isa = PBXBuildFile; fileRef = E7E324F529C2604500030986 /* MessageHandler.swift */; };
		E7E3251029C2604500030986 /* DirectionHandler.swift in Sources */ = {isa = PBXBuildFile; fileRef = E7E324F629C2604500030986 /* DirectionHandler.swift */; };
		E7E3251129C2604500030986 /* DetailsHandler.swift in Sources */ = {isa = PBXBuildFile; fileRef = E7E324F729C2604500030986 /* DetailsHandler.swift */; };
		E7E3251229C2604500030986 /* FpHandler.swift in Sources */ = {isa = PBXBuildFile; fileRef = E7E324F829C2604500030986 /* FpHandler.swift */; };
		E7E3251329C2604500030986 /* BoothHandler.swift in Sources */ = {isa = PBXBuildFile; fileRef = E7E324F929C2604500030986 /* BoothHandler.swift */; };
		E7E3251729C2604500030986 /* FSWebView.swift in Sources */ = {isa = PBXBuildFile; fileRef = E7E324FF29C2604500030986 /* FSWebView.swift */; };
		E7E3251829C2604500030986 /* UIFplanView.swift in Sources */ = {isa = PBXBuildFile; fileRef = E7E3250029C2604500030986 /* UIFplanView.swift */; };
/* End PBXBuildFile section */

/* Begin PBXFileReference section */
		190BF1832C400AB208FB7532 /* Pods-ExpoFpFplan.release.xcconfig */ = {isa = PBXFileReference; includeInIndex = 1; lastKnownFileType = text.xcconfig; name = "Pods-ExpoFpFplan.release.xcconfig"; path = "Target Support Files/Pods-ExpoFpFplan/Pods-ExpoFpFplan.release.xcconfig"; sourceTree = "<group>"; };
		753DECA2510334D9946DAF18 /* Pods-ExpoFpFplan.debug.xcconfig */ = {isa = PBXFileReference; includeInIndex = 1; lastKnownFileType = text.xcconfig; name = "Pods-ExpoFpFplan.debug.xcconfig"; path = "Target Support Files/Pods-ExpoFpFplan/Pods-ExpoFpFplan.debug.xcconfig"; sourceTree = "<group>"; };
		E74B861A2875BF4A00DF12EC /* ExpoFpFplan.framework */ = {isa = PBXFileReference; explicitFileType = wrapper.framework; includeInIndex = 0; path = ExpoFpFplan.framework; sourceTree = BUILT_PRODUCTS_DIR; };
		E7DED29229EDE3BD00272329 /* UIFplanViewFuncExtension.swift */ = {isa = PBXFileReference; fileEncoding = 4; lastKnownFileType = sourcecode.swift; name = UIFplanViewFuncExtension.swift; path = ExpoFpFplan/Extensions/UIFplanViewFuncExtension.swift; sourceTree = SOURCE_ROOT; };
		E7DED29329EDE3BD00272329 /* FplanViewFuncExtension.swift */ = {isa = PBXFileReference; fileEncoding = 4; lastKnownFileType = sourcecode.swift; name = FplanViewFuncExtension.swift; path = ExpoFpFplan/Extensions/FplanViewFuncExtension.swift; sourceTree = SOURCE_ROOT; };
		E7DED29429EDE3BD00272329 /* UIFplanViewLocationProviderExtension.swift */ = {isa = PBXFileReference; fileEncoding = 4; lastKnownFileType = sourcecode.swift; name = UIFplanViewLocationProviderExtension.swift; path = ExpoFpFplan/Extensions/UIFplanViewLocationProviderExtension.swift; sourceTree = SOURCE_ROOT; };
		E7DED29529EDE3BD00272329 /* UIFplanViewUIDelegateExtension.swift */ = {isa = PBXFileReference; fileEncoding = 4; lastKnownFileType = sourcecode.swift; name = UIFplanViewUIDelegateExtension.swift; path = ExpoFpFplan/Extensions/UIFplanViewUIDelegateExtension.swift; sourceTree = SOURCE_ROOT; };
		E7DED29629EDE3BD00272329 /* UIFplanViewNavigationExtension.swift */ = {isa = PBXFileReference; fileEncoding = 4; lastKnownFileType = sourcecode.swift; name = UIFplanViewNavigationExtension.swift; path = ExpoFpFplan/Extensions/UIFplanViewNavigationExtension.swift; sourceTree = SOURCE_ROOT; };
		E7DED29C29EDE48700272329 /* FplanView.swift */ = {isa = PBXFileReference; lastKnownFileType = sourcecode.swift; path = FplanView.swift; sourceTree = "<group>"; };
		E7E324E629C2604500030986 /* Constants.swift */ = {isa = PBXFileReference; fileEncoding = 4; lastKnownFileType = sourcecode.swift; path = Constants.swift; sourceTree = "<group>"; };
		E7E324E729C2604500030986 /* DateError.swift */ = {isa = PBXFileReference; fileEncoding = 4; lastKnownFileType = sourcecode.swift; path = DateError.swift; sourceTree = "<group>"; };
		E7E324E829C2604500030986 /* Helper.swift */ = {isa = PBXFileReference; fileEncoding = 4; lastKnownFileType = sourcecode.swift; path = Helper.swift; sourceTree = "<group>"; };
		E7E324E929C2604500030986 /* NetworkReachability.swift */ = {isa = PBXFileReference; fileEncoding = 4; lastKnownFileType = sourcecode.swift; path = NetworkReachability.swift; sourceTree = "<group>"; };
		E7E324EB29C2604500030986 /* Booth.swift */ = {isa = PBXFileReference; fileEncoding = 4; lastKnownFileType = sourcecode.swift; path = Booth.swift; sourceTree = "<group>"; };
		E7E324EC29C2604500030986 /* Details.swift */ = {isa = PBXFileReference; fileEncoding = 4; lastKnownFileType = sourcecode.swift; path = Details.swift; sourceTree = "<group>"; };
		E7E324ED29C2604500030986 /* FileInfo.swift */ = {isa = PBXFileReference; fileEncoding = 4; lastKnownFileType = sourcecode.swift; path = FileInfo.swift; sourceTree = "<group>"; };
		E7E324EE29C2604500030986 /* Point.swift */ = {isa = PBXFileReference; fileEncoding = 4; lastKnownFileType = sourcecode.swift; path = Point.swift; sourceTree = "<group>"; };
		E7E324EF29C2604500030986 /* Line.swift */ = {isa = PBXFileReference; fileEncoding = 4; lastKnownFileType = sourcecode.swift; path = Line.swift; sourceTree = "<group>"; };
		E7E324F029C2604500030986 /* BlueDotPoint.swift */ = {isa = PBXFileReference; fileEncoding = 4; lastKnownFileType = sourcecode.swift; path = BlueDotPoint.swift; sourceTree = "<group>"; };
		E7E324F129C2604500030986 /* Route.swift */ = {isa = PBXFileReference; fileEncoding = 4; lastKnownFileType = sourcecode.swift; path = Route.swift; sourceTree = "<group>"; };
		E7E324F229C2604500030986 /* Configuration.swift */ = {isa = PBXFileReference; fileEncoding = 4; lastKnownFileType = sourcecode.swift; path = Configuration.swift; sourceTree = "<group>"; };
		E7E324F329C2604500030986 /* Direction.swift */ = {isa = PBXFileReference; fileEncoding = 4; lastKnownFileType = sourcecode.swift; path = Direction.swift; sourceTree = "<group>"; };
		E7E324F529C2604500030986 /* MessageHandler.swift */ = {isa = PBXFileReference; fileEncoding = 4; lastKnownFileType = sourcecode.swift; path = MessageHandler.swift; sourceTree = "<group>"; };
		E7E324F629C2604500030986 /* DirectionHandler.swift */ = {isa = PBXFileReference; fileEncoding = 4; lastKnownFileType = sourcecode.swift; path = DirectionHandler.swift; sourceTree = "<group>"; };
		E7E324F729C2604500030986 /* DetailsHandler.swift */ = {isa = PBXFileReference; fileEncoding = 4; lastKnownFileType = sourcecode.swift; path = DetailsHandler.swift; sourceTree = "<group>"; };
		E7E324F829C2604500030986 /* FpHandler.swift */ = {isa = PBXFileReference; fileEncoding = 4; lastKnownFileType = sourcecode.swift; path = FpHandler.swift; sourceTree = "<group>"; };
		E7E324F929C2604500030986 /* BoothHandler.swift */ = {isa = PBXFileReference; fileEncoding = 4; lastKnownFileType = sourcecode.swift; path = BoothHandler.swift; sourceTree = "<group>"; };
		E7E324FF29C2604500030986 /* FSWebView.swift */ = {isa = PBXFileReference; fileEncoding = 4; lastKnownFileType = sourcecode.swift; path = FSWebView.swift; sourceTree = "<group>"; };
		E7E3250029C2604500030986 /* UIFplanView.swift */ = {isa = PBXFileReference; fileEncoding = 4; lastKnownFileType = sourcecode.swift; path = UIFplanView.swift; sourceTree = "<group>"; };
		F95D4946B4619A9F6E25D246 /* Pods_ExpoFpFplan.framework */ = {isa = PBXFileReference; explicitFileType = wrapper.framework; includeInIndex = 0; path = Pods_ExpoFpFplan.framework; sourceTree = BUILT_PRODUCTS_DIR; };
/* End PBXFileReference section */

/* Begin PBXFrameworksBuildPhase section */
		E766642D286F3393006C7E45 /* Frameworks */ = {
			isa = PBXFrameworksBuildPhase;
			buildActionMask = 2147483647;
			files = (
				19B610EFF9970692AB5D8449 /* Pods_ExpoFpFplan.framework in Frameworks */,
			);
			runOnlyForDeploymentPostprocessing = 0;
		};
/* End PBXFrameworksBuildPhase section */

/* Begin PBXGroup section */
		914E8B93DC0C24238792D86A /* Pods */ = {
			isa = PBXGroup;
			children = (
				753DECA2510334D9946DAF18 /* Pods-ExpoFpFplan.debug.xcconfig */,
				190BF1832C400AB208FB7532 /* Pods-ExpoFpFplan.release.xcconfig */,
			);
			path = Pods;
			sourceTree = "<group>";
		};
		99E5D9C65B10838068C6F807 /* Frameworks */ = {
			isa = PBXGroup;
			children = (
				F95D4946B4619A9F6E25D246 /* Pods_ExpoFpFplan.framework */,
			);
			name = Frameworks;
			sourceTree = "<group>";
		};
		E7666426286F3393006C7E45 = {
			isa = PBXGroup;
			children = (
				E7666432286F3393006C7E45 /* ExpoFpFplan */,
				E74B861A2875BF4A00DF12EC /* ExpoFpFplan.framework */,
				914E8B93DC0C24238792D86A /* Pods */,
				99E5D9C65B10838068C6F807 /* Frameworks */,
			);
			sourceTree = "<group>";
		};
		E7666432286F3393006C7E45 /* ExpoFpFplan */ = {
			isa = PBXGroup;
			children = (
				E7E324FA29C2604500030986 /* Extensions */,
				E7E324F429C2604500030986 /* Handlers */,
				E7E324E529C2604500030986 /* Helpers */,
				E7E324EA29C2604500030986 /* Models */,
				E7E324FE29C2604500030986 /* Views */,
			);
			path = ExpoFpFplan;
			sourceTree = "<group>";
		};
		E7E324E529C2604500030986 /* Helpers */ = {
			isa = PBXGroup;
			children = (
				E7E324E629C2604500030986 /* Constants.swift */,
				E7E324E729C2604500030986 /* DateError.swift */,
				E7E324E829C2604500030986 /* Helper.swift */,
				E7E324E929C2604500030986 /* NetworkReachability.swift */,
			);
			path = Helpers;
			sourceTree = "<group>";
		};
		E7E324EA29C2604500030986 /* Models */ = {
			isa = PBXGroup;
			children = (
				E7E324EB29C2604500030986 /* Booth.swift */,
				E7E324EC29C2604500030986 /* Details.swift */,
				E7E324ED29C2604500030986 /* FileInfo.swift */,
				E7E324EE29C2604500030986 /* Point.swift */,
				E7E324EF29C2604500030986 /* Line.swift */,
				E7E324F029C2604500030986 /* BlueDotPoint.swift */,
				E7E324F129C2604500030986 /* Route.swift */,
				E7E324F229C2604500030986 /* Configuration.swift */,
				E7E324F329C2604500030986 /* Direction.swift */,
			);
			path = Models;
			sourceTree = "<group>";
		};
		E7E324F429C2604500030986 /* Handlers */ = {
			isa = PBXGroup;
			children = (
				E7E324F529C2604500030986 /* MessageHandler.swift */,
				E7E324F629C2604500030986 /* DirectionHandler.swift */,
				E7E324F729C2604500030986 /* DetailsHandler.swift */,
				E7E324F829C2604500030986 /* FpHandler.swift */,
				E7E324F929C2604500030986 /* BoothHandler.swift */,
			);
			path = Handlers;
			sourceTree = "<group>";
		};
		E7E324FA29C2604500030986 /* Extensions */ = {
			isa = PBXGroup;
			children = (
				E7DED29329EDE3BD00272329 /* FplanViewFuncExtension.swift */,
				E7DED29229EDE3BD00272329 /* UIFplanViewFuncExtension.swift */,
				E7DED29429EDE3BD00272329 /* UIFplanViewLocationProviderExtension.swift */,
				E7DED29629EDE3BD00272329 /* UIFplanViewNavigationExtension.swift */,
				E7DED29529EDE3BD00272329 /* UIFplanViewUIDelegateExtension.swift */,
			);
			path = Extensions;
			sourceTree = "<group>";
		};
		E7E324FE29C2604500030986 /* Views */ = {
			isa = PBXGroup;
			children = (
				E7E324FF29C2604500030986 /* FSWebView.swift */,
				E7E3250029C2604500030986 /* UIFplanView.swift */,
				E7DED29C29EDE48700272329 /* FplanView.swift */,
			);
			path = Views;
			sourceTree = "<group>";
		};
/* End PBXGroup section */

/* Begin PBXHeadersBuildPhase section */
		E766642B286F3393006C7E45 /* Headers */ = {
			isa = PBXHeadersBuildPhase;
			buildActionMask = 2147483647;
			files = (
			);
			runOnlyForDeploymentPostprocessing = 0;
		};
/* End PBXHeadersBuildPhase section */

/* Begin PBXNativeTarget section */
		E766642F286F3393006C7E45 /* ExpoFpFplan */ = {
			isa = PBXNativeTarget;
			buildConfigurationList = E7666437286F3393006C7E45 /* Build configuration list for PBXNativeTarget "ExpoFpFplan" */;
			buildPhases = (
				397DA2A2855E651760B662FB /* [CP] Check Pods Manifest.lock */,
				E766642B286F3393006C7E45 /* Headers */,
				E766642C286F3393006C7E45 /* Sources */,
				E766642D286F3393006C7E45 /* Frameworks */,
				E766642E286F3393006C7E45 /* Resources */,
			);
			buildRules = (
			);
			dependencies = (
			);
			name = ExpoFpFplan;
			productName = ExpoFpFplan;
			productReference = E74B861A2875BF4A00DF12EC /* ExpoFpFplan.framework */;
			productType = "com.apple.product-type.framework";
		};
/* End PBXNativeTarget section */

/* Begin PBXProject section */
		E7666427286F3393006C7E45 /* Project object */ = {
			isa = PBXProject;
			attributes = {
				BuildIndependentTargetsInParallel = 1;
				LastUpgradeCheck = 1340;
				TargetAttributes = {
					E766642F286F3393006C7E45 = {
						CreatedOnToolsVersion = 13.4.1;
					};
					E766643A286F33E7006C7E45 = {
						CreatedOnToolsVersion = 13.4.1;
						LastSwiftMigration = 1420;
					};
				};
			};
			buildConfigurationList = E766642A286F3393006C7E45 /* Build configuration list for PBXProject "ExpoFpFplan" */;
			compatibilityVersion = "Xcode 14.0";
			developmentRegion = en;
			hasScannedForEncodings = 0;
			knownRegions = (
				en,
				Base,
			);
			mainGroup = E7666426286F3393006C7E45;
			productRefGroup = E7666426286F3393006C7E45;
			projectDirPath = "";
			projectRoot = "";
			targets = (
				E766642F286F3393006C7E45 /* ExpoFpFplan */,
				E766643A286F33E7006C7E45 /* BuildTarget */,
			);
		};
/* End PBXProject section */

/* Begin PBXResourcesBuildPhase section */
		E766642E286F3393006C7E45 /* Resources */ = {
			isa = PBXResourcesBuildPhase;
			buildActionMask = 2147483647;
			files = (
			);
			runOnlyForDeploymentPostprocessing = 0;
		};
/* End PBXResourcesBuildPhase section */

/* Begin PBXShellScriptBuildPhase section */
		397DA2A2855E651760B662FB /* [CP] Check Pods Manifest.lock */ = {
			isa = PBXShellScriptBuildPhase;
			buildActionMask = 2147483647;
			files = (
			);
			inputFileListPaths = (
			);
			inputPaths = (
				"${PODS_PODFILE_DIR_PATH}/Podfile.lock",
				"${PODS_ROOT}/Manifest.lock",
			);
			name = "[CP] Check Pods Manifest.lock";
			outputFileListPaths = (
			);
			outputPaths = (
				"$(DERIVED_FILE_DIR)/Pods-ExpoFpFplan-checkManifestLockResult.txt",
			);
			runOnlyForDeploymentPostprocessing = 0;
			shellPath = /bin/sh;
			shellScript = "diff \"${PODS_PODFILE_DIR_PATH}/Podfile.lock\" \"${PODS_ROOT}/Manifest.lock\" > /dev/null\nif [ $? != 0 ] ; then\n    # print error to STDERR\n    echo \"error: The sandbox is not in sync with the Podfile.lock. Run 'pod install' or update your CocoaPods installation.\" >&2\n    exit 1\nfi\n# This output is used by Xcode 'outputs' to avoid re-running this script phase.\necho \"SUCCESS\" > \"${SCRIPT_OUTPUT_FILE_0}\"\n";
			showEnvVarsInLog = 0;
		};
		E7666467286F3477006C7E45 /* ShellScript */ = {
			isa = PBXShellScriptBuildPhase;
			buildActionMask = 2147483647;
			files = (
			);
			inputFileListPaths = (
			);
			inputPaths = (
			);
			outputFileListPaths = (
			);
			outputPaths = (
			);
			runOnlyForDeploymentPostprocessing = 0;
			shellPath = /bin/sh;
			shellScript = "SCHEME_NAME=\"ExpoFpFplan\"\nFRAMEWORK_NAME=\"ExpoFpFplan\"\nWORKSPACE_NAME=\"ExpoFpFplan\"\nSIMULATOR_ARCHIVE_PATH=\"${BUILD_DIR}/${CONFIGURATION}/${FRAMEWORK_NAME}-iphonesimulator.xcarchive\"\nDEVICE_ARCHIVE_PATH=\"${BUILD_DIR}/${CONFIGURATION}/${FRAMEWORK_NAME}-iphoneos.xcarchive\"\nOUTPUT_DIC=\"./xcframework/\"\n# Simulator xcarchieve\nxcodebuild archive -workspace ${WORKSPACE_NAME}.xcworkspace \\\n  -scheme ${SCHEME_NAME} \\\n  -archivePath ${SIMULATOR_ARCHIVE_PATH} \\\n  -sdk iphonesimulator \\\n  -destination \"generic/platform=iOS Simulator\" \\\n  BUILD_LIBRARY_FOR_DISTRIBUTION=YES \\\n  SKIP_INSTALL=NO\n  # Device xcarchieve\nxcodebuild archive -workspace ${WORKSPACE_NAME}.xcworkspace \\\n  -scheme ${SCHEME_NAME} \\\n  -archivePath ${DEVICE_ARCHIVE_PATH} \\\n  -sdk iphoneos \\\n  -destination \"generic/platform=iOS\" \\\n  BUILD_LIBRARY_FOR_DISTRIBUTION=YES \\\n  SKIP_INSTALL=NO\n# Clean up old output directory\nrm -rf \"${OUTPUT_DIC}\"\n# Create xcframwork combine of all frameworks\nxcodebuild -create-xcframework \\\n  -framework ${SIMULATOR_ARCHIVE_PATH}/Products/Library/Frameworks/${FRAMEWORK_NAME}.framework \\\n  -framework ${DEVICE_ARCHIVE_PATH}/Products/Library/Frameworks/${FRAMEWORK_NAME}.framework \\\n  -output ${OUTPUT_DIC}/${FRAMEWORK_NAME}.xcframework\n\n";
		};
/* End PBXShellScriptBuildPhase section */

/* Begin PBXSourcesBuildPhase section */
		E766642C286F3393006C7E45 /* Sources */ = {
			isa = PBXSourcesBuildPhase;
			buildActionMask = 2147483647;
			files = (
				E7E3251029C2604500030986 /* DirectionHandler.swift in Sources */,
				E7E3251229C2604500030986 /* FpHandler.swift in Sources */,
				E7E3250929C2604500030986 /* Point.swift in Sources */,
				E7E3250329C2604500030986 /* DateError.swift in Sources */,
				E7E3251129C2604500030986 /* DetailsHandler.swift in Sources */,
				E7E3250C29C2604500030986 /* Route.swift in Sources */,
				E7E3250229C2604500030986 /* Constants.swift in Sources */,
				E7E3251329C2604500030986 /* BoothHandler.swift in Sources */,
				E7DED29929EDE3BD00272329 /* UIFplanViewLocationProviderExtension.swift in Sources */,
				E7E3250729C2604500030986 /* Details.swift in Sources */,
				E7E3250B29C2604500030986 /* BlueDotPoint.swift in Sources */,
				E7E3250D29C2604500030986 /* Configuration.swift in Sources */,
				E7DED29B29EDE3BD00272329 /* UIFplanViewNavigationExtension.swift in Sources */,
				E7E3250829C2604500030986 /* FileInfo.swift in Sources */,
				E7DED29D29EDE48700272329 /* FplanView.swift in Sources */,
				E7E3250429C2604500030986 /* Helper.swift in Sources */,
				E7E3251729C2604500030986 /* FSWebView.swift in Sources */,
				E7E3251829C2604500030986 /* UIFplanView.swift in Sources */,
				E7E3250A29C2604500030986 /* Line.swift in Sources */,
				E7E3250629C2604500030986 /* Booth.swift in Sources */,
				E7DED29729EDE3BD00272329 /* UIFplanViewFuncExtension.swift in Sources */,
				E7DED29829EDE3BD00272329 /* FplanViewFuncExtension.swift in Sources */,
				E7E3250529C2604500030986 /* NetworkReachability.swift in Sources */,
				E7E3250F29C2604500030986 /* MessageHandler.swift in Sources */,
				E7DED29A29EDE3BD00272329 /* UIFplanViewUIDelegateExtension.swift in Sources */,
				E7E3250E29C2604500030986 /* Direction.swift in Sources */,
			);
			runOnlyForDeploymentPostprocessing = 0;
		};
/* End PBXSourcesBuildPhase section */

/* Begin XCBuildConfiguration section */
		E7666435286F3393006C7E45 /* Debug */ = {
			isa = XCBuildConfiguration;
			buildSettings = {
				ALWAYS_SEARCH_USER_PATHS = NO;
				ARCHS = (
					"$(ARCHS_STANDARD)",
					x86_64,
				);
				BUILD_LIBRARY_FOR_DISTRIBUTION = YES;
				CLANG_ANALYZER_NONNULL = YES;
				CLANG_ANALYZER_NUMBER_OBJECT_CONVERSION = YES_AGGRESSIVE;
				CLANG_CXX_LANGUAGE_STANDARD = "gnu++17";
				CLANG_ENABLE_MODULES = YES;
				CLANG_ENABLE_OBJC_ARC = YES;
				CLANG_ENABLE_OBJC_WEAK = YES;
				CLANG_WARN_BLOCK_CAPTURE_AUTORELEASING = YES;
				CLANG_WARN_BOOL_CONVERSION = YES;
				CLANG_WARN_COMMA = YES;
				CLANG_WARN_CONSTANT_CONVERSION = YES;
				CLANG_WARN_DEPRECATED_OBJC_IMPLEMENTATIONS = YES;
				CLANG_WARN_DIRECT_OBJC_ISA_USAGE = YES_ERROR;
				CLANG_WARN_DOCUMENTATION_COMMENTS = YES;
				CLANG_WARN_EMPTY_BODY = YES;
				CLANG_WARN_ENUM_CONVERSION = YES;
				CLANG_WARN_INFINITE_RECURSION = YES;
				CLANG_WARN_INT_CONVERSION = YES;
				CLANG_WARN_NON_LITERAL_NULL_CONVERSION = YES;
				CLANG_WARN_OBJC_IMPLICIT_RETAIN_SELF = YES;
				CLANG_WARN_OBJC_LITERAL_CONVERSION = YES;
				CLANG_WARN_OBJC_ROOT_CLASS = YES_ERROR;
				CLANG_WARN_QUOTED_INCLUDE_IN_FRAMEWORK_HEADER = YES;
				CLANG_WARN_RANGE_LOOP_ANALYSIS = YES;
				CLANG_WARN_STRICT_PROTOTYPES = YES;
				CLANG_WARN_SUSPICIOUS_MOVE = YES;
				CLANG_WARN_UNGUARDED_AVAILABILITY = YES_AGGRESSIVE;
				CLANG_WARN_UNREACHABLE_CODE = YES;
				CLANG_WARN__DUPLICATE_METHOD_MATCH = YES;
				COPY_PHASE_STRIP = NO;
				CURRENT_PROJECT_VERSION = 1;
				DEBUG_INFORMATION_FORMAT = dwarf;
				ENABLE_STRICT_OBJC_MSGSEND = YES;
				ENABLE_TESTABILITY = YES;
				GCC_C_LANGUAGE_STANDARD = gnu11;
				GCC_DYNAMIC_NO_PIC = NO;
				GCC_NO_COMMON_BLOCKS = YES;
				GCC_OPTIMIZATION_LEVEL = 0;
				GCC_PREPROCESSOR_DEFINITIONS = (
					"DEBUG=1",
					"$(inherited)",
				);
				GCC_WARN_64_TO_32_BIT_CONVERSION = YES;
				GCC_WARN_ABOUT_RETURN_TYPE = YES_ERROR;
				GCC_WARN_UNDECLARED_SELECTOR = YES;
				GCC_WARN_UNINITIALIZED_AUTOS = YES_AGGRESSIVE;
				GCC_WARN_UNUSED_FUNCTION = YES;
				GCC_WARN_UNUSED_VARIABLE = YES;
				IPHONEOS_DEPLOYMENT_TARGET = 14.0;
				MTL_ENABLE_DEBUG_INFO = INCLUDE_SOURCE;
				MTL_FAST_MATH = YES;
				ONLY_ACTIVE_ARCH = NO;
				SDKROOT = iphoneos;
				SWIFT_ACTIVE_COMPILATION_CONDITIONS = DEBUG;
				SWIFT_OPTIMIZATION_LEVEL = "-Onone";
				VERSIONING_SYSTEM = "apple-generic";
				VERSION_INFO_PREFIX = "";
			};
			name = Debug;
		};
		E7666436286F3393006C7E45 /* Release */ = {
			isa = XCBuildConfiguration;
			buildSettings = {
				ALWAYS_SEARCH_USER_PATHS = NO;
				ARCHS = (
					"$(ARCHS_STANDARD)",
					x86_64,
				);
				BUILD_LIBRARY_FOR_DISTRIBUTION = YES;
				CLANG_ANALYZER_NONNULL = YES;
				CLANG_ANALYZER_NUMBER_OBJECT_CONVERSION = YES_AGGRESSIVE;
				CLANG_CXX_LANGUAGE_STANDARD = "gnu++17";
				CLANG_ENABLE_MODULES = YES;
				CLANG_ENABLE_OBJC_ARC = YES;
				CLANG_ENABLE_OBJC_WEAK = YES;
				CLANG_WARN_BLOCK_CAPTURE_AUTORELEASING = YES;
				CLANG_WARN_BOOL_CONVERSION = YES;
				CLANG_WARN_COMMA = YES;
				CLANG_WARN_CONSTANT_CONVERSION = YES;
				CLANG_WARN_DEPRECATED_OBJC_IMPLEMENTATIONS = YES;
				CLANG_WARN_DIRECT_OBJC_ISA_USAGE = YES_ERROR;
				CLANG_WARN_DOCUMENTATION_COMMENTS = YES;
				CLANG_WARN_EMPTY_BODY = YES;
				CLANG_WARN_ENUM_CONVERSION = YES;
				CLANG_WARN_INFINITE_RECURSION = YES;
				CLANG_WARN_INT_CONVERSION = YES;
				CLANG_WARN_NON_LITERAL_NULL_CONVERSION = YES;
				CLANG_WARN_OBJC_IMPLICIT_RETAIN_SELF = YES;
				CLANG_WARN_OBJC_LITERAL_CONVERSION = YES;
				CLANG_WARN_OBJC_ROOT_CLASS = YES_ERROR;
				CLANG_WARN_QUOTED_INCLUDE_IN_FRAMEWORK_HEADER = YES;
				CLANG_WARN_RANGE_LOOP_ANALYSIS = YES;
				CLANG_WARN_STRICT_PROTOTYPES = YES;
				CLANG_WARN_SUSPICIOUS_MOVE = YES;
				CLANG_WARN_UNGUARDED_AVAILABILITY = YES_AGGRESSIVE;
				CLANG_WARN_UNREACHABLE_CODE = YES;
				CLANG_WARN__DUPLICATE_METHOD_MATCH = YES;
				COPY_PHASE_STRIP = NO;
				CURRENT_PROJECT_VERSION = 1;
				DEBUG_INFORMATION_FORMAT = "dwarf-with-dsym";
				ENABLE_NS_ASSERTIONS = NO;
				ENABLE_STRICT_OBJC_MSGSEND = YES;
				GCC_C_LANGUAGE_STANDARD = gnu11;
				GCC_NO_COMMON_BLOCKS = YES;
				GCC_WARN_64_TO_32_BIT_CONVERSION = YES;
				GCC_WARN_ABOUT_RETURN_TYPE = YES_ERROR;
				GCC_WARN_UNDECLARED_SELECTOR = YES;
				GCC_WARN_UNINITIALIZED_AUTOS = YES_AGGRESSIVE;
				GCC_WARN_UNUSED_FUNCTION = YES;
				GCC_WARN_UNUSED_VARIABLE = YES;
				IPHONEOS_DEPLOYMENT_TARGET = 14.0;
				MTL_ENABLE_DEBUG_INFO = NO;
				MTL_FAST_MATH = YES;
				SDKROOT = iphoneos;
				SWIFT_COMPILATION_MODE = wholemodule;
				SWIFT_OPTIMIZATION_LEVEL = "-O";
				VALIDATE_PRODUCT = YES;
				VERSIONING_SYSTEM = "apple-generic";
				VERSION_INFO_PREFIX = "";
			};
			name = Release;
		};
		E7666438286F3393006C7E45 /* Debug */ = {
			isa = XCBuildConfiguration;
			baseConfigurationReference = 753DECA2510334D9946DAF18 /* Pods-ExpoFpFplan.debug.xcconfig */;
			buildSettings = {
				BUILD_LIBRARY_FOR_DISTRIBUTION = YES;
				CODE_SIGN_IDENTITY = "Apple Development";
				CODE_SIGN_STYLE = Automatic;
				CURRENT_PROJECT_VERSION = 1;
				DEFINES_MODULE = YES;
				DEVELOPMENT_TEAM = 2TWXV89QU8;
				DYLIB_COMPATIBILITY_VERSION = 1;
				DYLIB_CURRENT_VERSION = 1;
				DYLIB_INSTALL_NAME_BASE = "@rpath";
				GENERATE_INFOPLIST_FILE = YES;
				INFOPLIST_KEY_NSHumanReadableCopyright = "";
				INSTALL_PATH = "$(LOCAL_LIBRARY_DIR)/Frameworks";
				LD_RUNPATH_SEARCH_PATHS = (
					"$(inherited)",
					"@executable_path/Frameworks",
					"@loader_path/Frameworks",
				);
				MARKETING_VERSION = 1.0;
				PRODUCT_BUNDLE_IDENTIFIER = com.expofp.ExpoFpFplan;
				PRODUCT_NAME = "$(TARGET_NAME:c99extidentifier)";
				PROVISIONING_PROFILE_SPECIFIER = "";
				SKIP_INSTALL = YES;
				SUPPORTS_MACCATALYST = NO;
				SWIFT_EMIT_LOC_STRINGS = YES;
				SWIFT_VERSION = 5.0;
				TARGETED_DEVICE_FAMILY = "1,2";
			};
			name = Debug;
		};
		E7666439286F3393006C7E45 /* Release */ = {
			isa = XCBuildConfiguration;
			baseConfigurationReference = 190BF1832C400AB208FB7532 /* Pods-ExpoFpFplan.release.xcconfig */;
			buildSettings = {
				BUILD_LIBRARY_FOR_DISTRIBUTION = YES;
				CODE_SIGN_IDENTITY = "Apple Development";
				CODE_SIGN_STYLE = Automatic;
				CURRENT_PROJECT_VERSION = 1;
				DEFINES_MODULE = YES;
				DEVELOPMENT_TEAM = 2TWXV89QU8;
				DYLIB_COMPATIBILITY_VERSION = 1;
				DYLIB_CURRENT_VERSION = 1;
				DYLIB_INSTALL_NAME_BASE = "@rpath";
				GENERATE_INFOPLIST_FILE = YES;
				INFOPLIST_KEY_NSHumanReadableCopyright = "";
				INSTALL_PATH = "$(LOCAL_LIBRARY_DIR)/Frameworks";
				LD_RUNPATH_SEARCH_PATHS = (
					"$(inherited)",
					"@executable_path/Frameworks",
					"@loader_path/Frameworks",
				);
				MARKETING_VERSION = 1.0;
				PRODUCT_BUNDLE_IDENTIFIER = com.expofp.ExpoFpFplan;
				PRODUCT_NAME = "$(TARGET_NAME:c99extidentifier)";
				PROVISIONING_PROFILE_SPECIFIER = "";
				SKIP_INSTALL = YES;
				SUPPORTS_MACCATALYST = NO;
				SWIFT_EMIT_LOC_STRINGS = YES;
				SWIFT_VERSION = 5.0;
				TARGETED_DEVICE_FAMILY = "1,2";
			};
			name = Release;
		};
		E766643C286F33E7006C7E45 /* Debug */ = {
			isa = XCBuildConfiguration;
			buildSettings = {
				BUILD_LIBRARY_FOR_DISTRIBUTION = YES;
				CLANG_ENABLE_MODULES = YES;
				CODE_SIGN_STYLE = Automatic;
				DEVELOPMENT_TEAM = 2TWXV89QU8;
				LD_RUNPATH_SEARCH_PATHS = (
					"$(inherited)",
					"@executable_path/Frameworks",
					"@loader_path/Frameworks",
				);
				PRODUCT_NAME = "$(TARGET_NAME)";
				SWIFT_OPTIMIZATION_LEVEL = "-Onone";
				SWIFT_VERSION = 5.0;
			};
			name = Debug;
		};
		E766643D286F33E7006C7E45 /* Release */ = {
			isa = XCBuildConfiguration;
			buildSettings = {
				BUILD_LIBRARY_FOR_DISTRIBUTION = YES;
				CLANG_ENABLE_MODULES = YES;
				CODE_SIGN_STYLE = Automatic;
				DEVELOPMENT_TEAM = 2TWXV89QU8;
				LD_RUNPATH_SEARCH_PATHS = (
					"$(inherited)",
					"@executable_path/Frameworks",
					"@loader_path/Frameworks",
				);
				PRODUCT_NAME = "$(TARGET_NAME)";
				SWIFT_VERSION = 5.0;
			};
			name = Release;
		};
/* End XCBuildConfiguration section */

/* Begin XCConfigurationList section */
		E766642A286F3393006C7E45 /* Build configuration list for PBXProject "ExpoFpFplan" */ = {
			isa = XCConfigurationList;
			buildConfigurations = (
				E7666435286F3393006C7E45 /* Debug */,
				E7666436286F3393006C7E45 /* Release */,
			);
			defaultConfigurationIsVisible = 0;
			defaultConfigurationName = Release;
		};
		E7666437286F3393006C7E45 /* Build configuration list for PBXNativeTarget "ExpoFpFplan" */ = {
			isa = XCConfigurationList;
			buildConfigurations = (
				E7666438286F3393006C7E45 /* Debug */,
				E7666439286F3393006C7E45 /* Release */,
			);
			defaultConfigurationIsVisible = 0;
			defaultConfigurationName = Release;
		};
		E766643B286F33E7006C7E45 /* Build configuration list for PBXAggregateTarget "BuildTarget" */ = {
			isa = XCConfigurationList;
			buildConfigurations = (
				E766643C286F33E7006C7E45 /* Debug */,
				E766643D286F33E7006C7E45 /* Release */,
			);
			defaultConfigurationIsVisible = 0;
			defaultConfigurationName = Release;
		};
/* End XCConfigurationList section */
	};
	rootObject = E7666427286F3393006C7E45 /* Project object */;
}
